
Microsoft Visual Studio Solution File, Format Version 12.00
# Visual Studio Version 17
VisualStudioVersion = 17.5.002.0
MinimumVisualStudioVersion = 10.0.40219.1
Project("{9A19103F-16F7-4668-BE54-9A1E7A4F7556}") = "VDR5", "VDR5.csproj", "{B4347CE2-DD3D-4332-B58F-68240BF434A7}"
EndProject
Global
	GlobalSection(SolutionConfigurationPlatforms) = preSolution
		Debug|Any CPU = Debug|Any CPU
		Release|Any CPU = Release|Any CPU
	EndGlobalSection
	GlobalSection(ProjectConfigurationPlatforms) = postSolution
		{B4347CE2-DD3D-4332-B58F-68240BF434A7}.Debug|Any CPU.ActiveCfg = Debug|Any CPU
		{B4347CE2-DD3D-4332-B58F-68240BF434A7}.Debug|Any CPU.Build.0 = Debug|Any CPU
		{B4347CE2-DD3D-4332-B58F-68240BF434A7}.Release|Any CPU.ActiveCfg = Release|Any CPU
		{B4347CE2-DD3D-4332-B58F-68240BF434A7}.Release|Any CPU.Build.0 = Release|Any CPU
	EndGlobalSection
	GlobalSection(SolutionProperties) = preSolution
		HideSolutionNode = FALSE
	EndGlobalSection
	GlobalSection(ExtensibilityGlobals) = postSolution
		SolutionGuid = {7E521C83-C8F1-4F51-8EAC-70303413FB66}
	EndGlobalSection
EndGlobal
